// !$*UTF8*$!
{
	archiveVersion = 1;
	classes = {
	};
	objectVersion = 56;
	objects = {

/* Begin PBXBuildFile section */
		4F56BDF829886EF000230686 /* Date.swift in Sources */ = {isa = PBXBuildFile; fileRef = 4F56BDF729886EF000230686 /* Date.swift */; };
		4F56BDFA2988732300230686 /* DivisionItem.swift in Sources */ = {isa = PBXBuildFile; fileRef = 4F56BDF92988732300230686 /* DivisionItem.swift */; };
		4F56BDFC2989868D00230686 /* AbsenceView.swift in Sources */ = {isa = PBXBuildFile; fileRef = 4F56BDFB2989868D00230686 /* AbsenceView.swift */; };
		4F56BDFE29899CC800230686 /* RootTabView.swift in Sources */ = {isa = PBXBuildFile; fileRef = 4F56BDFD29899CC800230686 /* RootTabView.swift */; };
		4F56BE0029899D8400230686 /* StatisticsView.swift in Sources */ = {isa = PBXBuildFile; fileRef = 4F56BDFF29899D8400230686 /* StatisticsView.swift */; };
		4F56BE022989A00000230686 /* StateController.swift in Sources */ = {isa = PBXBuildFile; fileRef = 4F56BE012989A00000230686 /* StateController.swift */; };
		4FC8C671297745C400836EEB /* AbsenceRecorderApp.swift in Sources */ = {isa = PBXBuildFile; fileRef = 4FC8C670297745C400836EEB /* AbsenceRecorderApp.swift */; };
		4FC8C673297745C400836EEB /* DivisionsView.swift in Sources */ = {isa = PBXBuildFile; fileRef = 4FC8C672297745C400836EEB /* DivisionsView.swift */; };
		4FC8C675297745C500836EEB /* Assets.xcassets in Resources */ = {isa = PBXBuildFile; fileRef = 4FC8C674297745C500836EEB /* Assets.xcassets */; };
		4FC8C678297745C500836EEB /* Preview Assets.xcassets in Resources */ = {isa = PBXBuildFile; fileRef = 4FC8C677297745C500836EEB /* Preview Assets.xcassets */; };
		4FC8C682297745C500836EEB /* AbsenceRecorderTests.swift in Sources */ = {isa = PBXBuildFile; fileRef = 4FC8C681297745C500836EEB /* AbsenceRecorderTests.swift */; };
		4FC8C68C297745C500836EEB /* AbsenceRecorderUITests.swift in Sources */ = {isa = PBXBuildFile; fileRef = 4FC8C68B297745C500836EEB /* AbsenceRecorderUITests.swift */; };
		4FC8C68E297745C500836EEB /* AbsenceRecorderUITestsLaunchTests.swift in Sources */ = {isa = PBXBuildFile; fileRef = 4FC8C68D297745C500836EEB /* AbsenceRecorderUITestsLaunchTests.swift */; };
		4FC8C69D2977481C00836EEB /* Student.swift in Sources */ = {isa = PBXBuildFile; fileRef = 4FC8C69C2977481C00836EEB /* Student.swift */; };
		4FC8C69F297748AC00836EEB /* Division.swift in Sources */ = {isa = PBXBuildFile; fileRef = 4FC8C69E297748AC00836EEB /* Division.swift */; };
/* End PBXBuildFile section */

/* Begin PBXContainerItemProxy section */
		4FC8C67E297745C500836EEB /* PBXContainerItemProxy */ = {
			isa = PBXContainerItemProxy;
			containerPortal = 4FC8C665297745C400836EEB /* Project object */;
			proxyType = 1;
			remoteGlobalIDString = 4FC8C66C297745C400836EEB;
			remoteInfo = AbsenceRecorder;
		};
		4FC8C688297745C500836EEB /* PBXContainerItemProxy */ = {
			isa = PBXContainerItemProxy;
			containerPortal = 4FC8C665297745C400836EEB /* Project object */;
			proxyType = 1;
			remoteGlobalIDString = 4FC8C66C297745C400836EEB;
			remoteInfo = AbsenceRecorder;
		};
/* End PBXContainerItemProxy section */

/* Begin PBXFileReference section */
		4F56BDF729886EF000230686 /* Date.swift */ = {isa = PBXFileReference; lastKnownFileType = sourcecode.swift; path = Date.swift; sourceTree = "<group>"; };
		4F56BDF92988732300230686 /* DivisionItem.swift */ = {isa = PBXFileReference; lastKnownFileType = sourcecode.swift; path = DivisionItem.swift; sourceTree = "<group>"; };
		4F56BDFB2989868D00230686 /* AbsenceView.swift */ = {isa = PBXFileReference; lastKnownFileType = sourcecode.swift; path = AbsenceView.swift; sourceTree = "<group>"; };
		4F56BDFD29899CC800230686 /* RootTabView.swift */ = {isa = PBXFileReference; lastKnownFileType = sourcecode.swift; path = RootTabView.swift; sourceTree = "<group>"; };
		4F56BDFF29899D8400230686 /* StatisticsView.swift */ = {isa = PBXFileReference; lastKnownFileType = sourcecode.swift; path = StatisticsView.swift; sourceTree = "<group>"; };
		4F56BE012989A00000230686 /* StateController.swift */ = {isa = PBXFileReference; lastKnownFileType = sourcecode.swift; path = StateController.swift; sourceTree = "<group>"; };
		4FC8C66D297745C400836EEB /* AbsenceRecorder.app */ = {isa = PBXFileReference; explicitFileType = wrapper.application; includeInIndex = 0; path = AbsenceRecorder.app; sourceTree = BUILT_PRODUCTS_DIR; };
		4FC8C670297745C400836EEB /* AbsenceRecorderApp.swift */ = {isa = PBXFileReference; lastKnownFileType = sourcecode.swift; path = AbsenceRecorderApp.swift; sourceTree = "<group>"; };
		4FC8C672297745C400836EEB /* DivisionsView.swift */ = {isa = PBXFileReference; lastKnownFileType = sourcecode.swift; path = DivisionsView.swift; sourceTree = "<group>"; };
		4FC8C674297745C500836EEB /* Assets.xcassets */ = {isa = PBXFileReference; lastKnownFileType = folder.assetcatalog; path = Assets.xcassets; sourceTree = "<group>"; };
		4FC8C677297745C500836EEB /* Preview Assets.xcassets */ = {isa = PBXFileReference; lastKnownFileType = folder.assetcatalog; path = "Preview Assets.xcassets"; sourceTree = "<group>"; };
		4FC8C67D297745C500836EEB /* AbsenceRecorderTests.xctest */ = {isa = PBXFileReference; explicitFileType = wrapper.cfbundle; includeInIndex = 0; path = AbsenceRecorderTests.xctest; sourceTree = BUILT_PRODUCTS_DIR; };
		4FC8C681297745C500836EEB /* AbsenceRecorderTests.swift */ = {isa = PBXFileReference; lastKnownFileType = sourcecode.swift; path = AbsenceRecorderTests.swift; sourceTree = "<group>"; };
		4FC8C687297745C500836EEB /* AbsenceRecorderUITests.xctest */ = {isa = PBXFileReference; explicitFileType = wrapper.cfbundle; includeInIndex = 0; path = AbsenceRecorderUITests.xctest; sourceTree = BUILT_PRODUCTS_DIR; };
		4FC8C68B297745C500836EEB /* AbsenceRecorderUITests.swift */ = {isa = PBXFileReference; lastKnownFileType = sourcecode.swift; path = AbsenceRecorderUITests.swift; sourceTree = "<group>"; };
		4FC8C68D297745C500836EEB /* AbsenceRecorderUITestsLaunchTests.swift */ = {isa = PBXFileReference; lastKnownFileType = sourcecode.swift; path = AbsenceRecorderUITestsLaunchTests.swift; sourceTree = "<group>"; };
		4FC8C69C2977481C00836EEB /* Student.swift */ = {isa = PBXFileReference; lastKnownFileType = sourcecode.swift; path = Student.swift; sourceTree = SOURCE_ROOT; };
		4FC8C69E297748AC00836EEB /* Division.swift */ = {isa = PBXFileReference; lastKnownFileType = sourcecode.swift; path = Division.swift; sourceTree = "<group>"; };
/* End PBXFileReference section */

/* Begin PBXFrameworksBuildPhase section */
		4FC8C66A297745C400836EEB /* Frameworks */ = {
			isa = PBXFrameworksBuildPhase;
			buildActionMask = 2147483647;
			files = (
			);
			runOnlyForDeploymentPostprocessing = 0;
		};
		4FC8C67A297745C500836EEB /* Frameworks */ = {
			isa = PBXFrameworksBuildPhase;
			buildActionMask = 2147483647;
			files = (
			);
			runOnlyForDeploymentPostprocessing = 0;
		};
		4FC8C684297745C500836EEB /* Frameworks */ = {
			isa = PBXFrameworksBuildPhase;
			buildActionMask = 2147483647;
			files = (
			);
			runOnlyForDeploymentPostprocessing = 0;
		};
/* End PBXFrameworksBuildPhase section */

/* Begin PBXGroup section */
		4F56BDF629886EDF00230686 /* Extensions */ = {
			isa = PBXGroup;
			children = (
				4F56BDF729886EF000230686 /* Date.swift */,
			);
			path = Extensions;
			sourceTree = "<group>";
		};
		4FC8C664297745C400836EEB = {
			isa = PBXGroup;
			children = (
				4FC8C66F297745C400836EEB /* AbsenceRecorder */,
				4FC8C680297745C500836EEB /* AbsenceRecorderTests */,
				4FC8C68A297745C500836EEB /* AbsenceRecorderUITests */,
				4FC8C66E297745C400836EEB /* Products */,
			);
			sourceTree = "<group>";
		};
		4FC8C66E297745C400836EEB /* Products */ = {
			isa = PBXGroup;
			children = (
				4FC8C66D297745C400836EEB /* AbsenceRecorder.app */,
				4FC8C67D297745C500836EEB /* AbsenceRecorderTests.xctest */,
				4FC8C687297745C500836EEB /* AbsenceRecorderUITests.xctest */,
			);
			name = Products;
			sourceTree = "<group>";
		};
		4FC8C66F297745C400836EEB /* AbsenceRecorder */ = {
			isa = PBXGroup;
			children = (
				4F56BDF629886EDF00230686 /* Extensions */,
				4FC8C69B297747AE00836EEB /* View */,
				4FC8C69A297747A100836EEB /* Model */,
				4FC8C670297745C400836EEB /* AbsenceRecorderApp.swift */,
				4FC8C674297745C500836EEB /* Assets.xcassets */,
				4FC8C676297745C500836EEB /* Preview Content */,
				4F56BE012989A00000230686 /* StateController.swift */,
			);
			path = AbsenceRecorder;
			sourceTree = "<group>";
		};
		4FC8C676297745C500836EEB /* Preview Content */ = {
			isa = PBXGroup;
			children = (
				4FC8C677297745C500836EEB /* Preview Assets.xcassets */,
			);
			path = "Preview Content";
			sourceTree = "<group>";
		};
		4FC8C680297745C500836EEB /* AbsenceRecorderTests */ = {
			isa = PBXGroup;
			children = (
				4FC8C681297745C500836EEB /* AbsenceRecorderTests.swift */,
			);
			path = AbsenceRecorderTests;
			sourceTree = "<group>";
		};
		4FC8C68A297745C500836EEB /* AbsenceRecorderUITests */ = {
			isa = PBXGroup;
			children = (
				4FC8C68B297745C500836EEB /* AbsenceRecorderUITests.swift */,
				4FC8C68D297745C500836EEB /* AbsenceRecorderUITestsLaunchTests.swift */,
			);
			path = AbsenceRecorderUITests;
			sourceTree = "<group>";
		};
		4FC8C69A297747A100836EEB /* Model */ = {
			isa = PBXGroup;
			children = (
				4FC8C69C2977481C00836EEB /* Student.swift */,
				4FC8C69E297748AC00836EEB /* Division.swift */,
			);
			path = Model;
			sourceTree = "<group>";
		};
		4FC8C69B297747AE00836EEB /* View */ = {
			isa = PBXGroup;
			children = (
				4FC8C672297745C400836EEB /* DivisionsView.swift */,
				4F56BDF92988732300230686 /* DivisionItem.swift */,
				4F56BDFB2989868D00230686 /* AbsenceView.swift */,
				4F56BDFD29899CC800230686 /* RootTabView.swift */,
				4F56BDFF29899D8400230686 /* StatisticsView.swift */,
			);
			path = View;
			sourceTree = "<group>";
		};
/* End PBXGroup section */

/* Begin PBXNativeTarget section */
		4FC8C66C297745C400836EEB /* AbsenceRecorder */ = {
			isa = PBXNativeTarget;
			buildConfigurationList = 4FC8C691297745C500836EEB /* Build configuration list for PBXNativeTarget "AbsenceRecorder" */;
			buildPhases = (
				4FC8C669297745C400836EEB /* Sources */,
				4FC8C66A297745C400836EEB /* Frameworks */,
				4FC8C66B297745C400836EEB /* Resources */,
			);
			buildRules = (
			);
			dependencies = (
			);
			name = AbsenceRecorder;
			productName = AbsenceRecorder;
			productReference = 4FC8C66D297745C400836EEB /* AbsenceRecorder.app */;
			productType = "com.apple.product-type.application";
		};
		4FC8C67C297745C500836EEB /* AbsenceRecorderTests */ = {
			isa = PBXNativeTarget;
			buildConfigurationList = 4FC8C694297745C500836EEB /* Build configuration list for PBXNativeTarget "AbsenceRecorderTests" */;
			buildPhases = (
				4FC8C679297745C500836EEB /* Sources */,
				4FC8C67A297745C500836EEB /* Frameworks */,
				4FC8C67B297745C500836EEB /* Resources */,
			);
			buildRules = (
			);
			dependencies = (
				4FC8C67F297745C500836EEB /* PBXTargetDependency */,
			);
			name = AbsenceRecorderTests;
			productName = AbsenceRecorderTests;
			productReference = 4FC8C67D297745C500836EEB /* AbsenceRecorderTests.xctest */;
			productType = "com.apple.product-type.bundle.unit-test";
		};
		4FC8C686297745C500836EEB /* AbsenceRecorderUITests */ = {
			isa = PBXNativeTarget;
			buildConfigurationList = 4FC8C697297745C500836EEB /* Build configuration list for PBXNativeTarget "AbsenceRecorderUITests" */;
			buildPhases = (
				4FC8C683297745C500836EEB /* Sources */,
				4FC8C684297745C500836EEB /* Frameworks */,
				4FC8C685297745C500836EEB /* Resources */,
			);
			buildRules = (
			);
			dependencies = (
				4FC8C689297745C500836EEB /* PBXTargetDependency */,
			);
			name = AbsenceRecorderUITests;
			productName = AbsenceRecorderUITests;
			productReference = 4FC8C687297745C500836EEB /* AbsenceRecorderUITests.xctest */;
			productType = "com.apple.product-type.bundle.ui-testing";
		};
/* End PBXNativeTarget section */

/* Begin PBXProject section */
		4FC8C665297745C400836EEB /* Project object */ = {
			isa = PBXProject;
			attributes = {
				BuildIndependentTargetsInParallel = 1;
				LastSwiftUpdateCheck = 1420;
				LastUpgradeCheck = 1420;
				TargetAttributes = {
					4FC8C66C297745C400836EEB = {
						CreatedOnToolsVersion = 14.2;
					};
					4FC8C67C297745C500836EEB = {
						CreatedOnToolsVersion = 14.2;
						TestTargetID = 4FC8C66C297745C400836EEB;
					};
					4FC8C686297745C500836EEB = {
						CreatedOnToolsVersion = 14.2;
						TestTargetID = 4FC8C66C297745C400836EEB;
					};
				};
			};
			buildConfigurationList = 4FC8C668297745C400836EEB /* Build configuration list for PBXProject "AbsenceRecorder" */;
			compatibilityVersion = "Xcode 14.0";
			developmentRegion = en;
			hasScannedForEncodings = 0;
			knownRegions = (
				en,
				Base,
			);
			mainGroup = 4FC8C664297745C400836EEB;
			productRefGroup = 4FC8C66E297745C400836EEB /* Products */;
			projectDirPath = "";
			projectRoot = "";
			targets = (
				4FC8C66C297745C400836EEB /* AbsenceRecorder */,
				4FC8C67C297745C500836EEB /* AbsenceRecorderTests */,
				4FC8C686297745C500836EEB /* AbsenceRecorderUITests */,
			);
		};
/* End PBXProject section */

/* Begin PBXResourcesBuildPhase section */
		4FC8C66B297745C400836EEB /* Resources */ = {
			isa = PBXResourcesBuildPhase;
			buildActionMask = 2147483647;
			files = (
				4FC8C678297745C500836EEB /* Preview Assets.xcassets in Resources */,
				4FC8C675297745C500836EEB /* Assets.xcassets in Resources */,
			);
			runOnlyForDeploymentPostprocessing = 0;
		};
		4FC8C67B297745C500836EEB /* Resources */ = {
			isa = PBXResourcesBuildPhase;
			buildActionMask = 2147483647;
			files = (
			);
			runOnlyForDeploymentPostprocessing = 0;
		};
		4FC8C685297745C500836EEB /* Resources */ = {
			isa = PBXResourcesBuildPhase;
			buildActionMask = 2147483647;
			files = (
			);
			runOnlyForDeploymentPostprocessing = 0;
		};
/* End PBXResourcesBuildPhase section */

/* Begin PBXSourcesBuildPhase section */
		4FC8C669297745C400836EEB /* Sources */ = {
			isa = PBXSourcesBuildPhase;
			buildActionMask = 2147483647;
			files = (
				4FC8C673297745C400836EEB /* DivisionsView.swift in Sources */,
				4F56BDF829886EF000230686 /* Date.swift in Sources */,
				4F56BDFE29899CC800230686 /* RootTabView.swift in Sources */,
				4FC8C69D2977481C00836EEB /* Student.swift in Sources */,
				4F56BE0029899D8400230686 /* StatisticsView.swift in Sources */,
				4FC8C69F297748AC00836EEB /* Division.swift in Sources */,
				4FC8C671297745C400836EEB /* AbsenceRecorderApp.swift in Sources */,
				4F56BDFA2988732300230686 /* DivisionItem.swift in Sources */,
				4F56BDFC2989868D00230686 /* AbsenceView.swift in Sources */,
				4F56BE022989A00000230686 /* StateController.swift in Sources */,
			);
			runOnlyForDeploymentPostprocessing = 0;
		};
		4FC8C679297745C500836EEB /* Sources */ = {
			isa = PBXSourcesBuildPhase;
			buildActionMask = 2147483647;
			files = (
				4FC8C682297745C500836EEB /* AbsenceRecorderTests.swift in Sources */,
			);
			runOnlyForDeploymentPostprocessing = 0;
		};
		4FC8C683297745C500836EEB /* Sources */ = {
			isa = PBXSourcesBuildPhase;
			buildActionMask = 2147483647;
			files = (
				4FC8C68E297745C500836EEB /* AbsenceRecorderUITestsLaunchTests.swift in Sources */,
				4FC8C68C297745C500836EEB /* AbsenceRecorderUITests.swift in Sources */,
			);
			runOnlyForDeploymentPostprocessing = 0;
		};
/* End PBXSourcesBuildPhase section */

/* Begin PBXTargetDependency section */
		4FC8C67F297745C500836EEB /* PBXTargetDependency */ = {
			isa = PBXTargetDependency;
			target = 4FC8C66C297745C400836EEB /* AbsenceRecorder */;
			targetProxy = 4FC8C67E297745C500836EEB /* PBXContainerItemProxy */;
		};
		4FC8C689297745C500836EEB /* PBXTargetDependency */ = {
			isa = PBXTargetDependency;
			target = 4FC8C66C297745C400836EEB /* AbsenceRecorder */;
			targetProxy = 4FC8C688297745C500836EEB /* PBXContainerItemProxy */;
		};
/* End PBXTargetDependency section */

/* Begin XCBuildConfiguration section */
		4FC8C68F297745C500836EEB /* Debug */ = {
			isa = XCBuildConfiguration;
			buildSettings = {
				ALWAYS_SEARCH_USER_PATHS = NO;
				CLANG_ANALYZER_NONNULL = YES;
				CLANG_ANALYZER_NUMBER_OBJECT_CONVERSION = YES_AGGRESSIVE;
				CLANG_CXX_LANGUAGE_STANDARD = "gnu++20";
				CLANG_ENABLE_MODULES = YES;
				CLANG_ENABLE_OBJC_ARC = YES;
				CLANG_ENABLE_OBJC_WEAK = YES;
				CLANG_WARN_BLOCK_CAPTURE_AUTORELEASING = YES;
				CLANG_WARN_BOOL_CONVERSION = YES;
				CLANG_WARN_COMMA = YES;
				CLANG_WARN_CONSTANT_CONVERSION = YES;
				CLANG_WARN_DEPRECATED_OBJC_IMPLEMENTATIONS = YES;
				CLANG_WARN_DIRECT_OBJC_ISA_USAGE = YES_ERROR;
				CLANG_WARN_DOCUMENTATION_COMMENTS = YES;
				CLANG_WARN_EMPTY_BODY = YES;
				CLANG_WARN_ENUM_CONVERSION = YES;
				CLANG_WARN_INFINITE_RECURSION = YES;
				CLANG_WARN_INT_CONVERSION = YES;
				CLANG_WARN_NON_LITERAL_NULL_CONVERSION = YES;
				CLANG_WARN_OBJC_IMPLICIT_RETAIN_SELF = YES;
				CLANG_WARN_OBJC_LITERAL_CONVERSION = YES;
				CLANG_WARN_OBJC_ROOT_CLASS = YES_ERROR;
				CLANG_WARN_QUOTED_INCLUDE_IN_FRAMEWORK_HEADER = YES;
				CLANG_WARN_RANGE_LOOP_ANALYSIS = YES;
				CLANG_WARN_STRICT_PROTOTYPES = YES;
				CLANG_WARN_SUSPICIOUS_MOVE = YES;
				CLANG_WARN_UNGUARDED_AVAILABILITY = YES_AGGRESSIVE;
				CLANG_WARN_UNREACHABLE_CODE = YES;
				CLANG_WARN__DUPLICATE_METHOD_MATCH = YES;
				COPY_PHASE_STRIP = NO;
				DEBUG_INFORMATION_FORMAT = dwarf;
				ENABLE_STRICT_OBJC_MSGSEND = YES;
				ENABLE_TESTABILITY = YES;
				GCC_C_LANGUAGE_STANDARD = gnu11;
				GCC_DYNAMIC_NO_PIC = NO;
				GCC_NO_COMMON_BLOCKS = YES;
				GCC_OPTIMIZATION_LEVEL = 0;
				GCC_PREPROCESSOR_DEFINITIONS = (
					"DEBUG=1",
					"$(inherited)",
				);
				GCC_WARN_64_TO_32_BIT_CONVERSION = YES;
				GCC_WARN_ABOUT_RETURN_TYPE = YES_ERROR;
				GCC_WARN_UNDECLARED_SELECTOR = YES;
				GCC_WARN_UNINITIALIZED_AUTOS = YES_AGGRESSIVE;
				GCC_WARN_UNUSED_FUNCTION = YES;
				GCC_WARN_UNUSED_VARIABLE = YES;
				IPHONEOS_DEPLOYMENT_TARGET = 16.2;
				MTL_ENABLE_DEBUG_INFO = INCLUDE_SOURCE;
				MTL_FAST_MATH = YES;
				ONLY_ACTIVE_ARCH = YES;
				SDKROOT = iphoneos;
				SWIFT_ACTIVE_COMPILATION_CONDITIONS = DEBUG;
				SWIFT_OPTIMIZATION_LEVEL = "-Onone";
			};
			name = Debug;
		};
		4FC8C690297745C500836EEB /* Release */ = {
			isa = XCBuildConfiguration;
			buildSettings = {
				ALWAYS_SEARCH_USER_PATHS = NO;
				CLANG_ANALYZER_NONNULL = YES;
				CLANG_ANALYZER_NUMBER_OBJECT_CONVERSION = YES_AGGRESSIVE;
				CLANG_CXX_LANGUAGE_STANDARD = "gnu++20";
				CLANG_ENABLE_MODULES = YES;
				CLANG_ENABLE_OBJC_ARC = YES;
				CLANG_ENABLE_OBJC_WEAK = YES;
				CLANG_WARN_BLOCK_CAPTURE_AUTORELEASING = YES;
				CLANG_WARN_BOOL_CONVERSION = YES;
				CLANG_WARN_COMMA = YES;
				CLANG_WARN_CONSTANT_CONVERSION = YES;
				CLANG_WARN_DEPRECATED_OBJC_IMPLEMENTATIONS = YES;
				CLANG_WARN_DIRECT_OBJC_ISA_USAGE = YES_ERROR;
				CLANG_WARN_DOCUMENTATION_COMMENTS = YES;
				CLANG_WARN_EMPTY_BODY = YES;
				CLANG_WARN_ENUM_CONVERSION = YES;
				CLANG_WARN_INFINITE_RECURSION = YES;
				CLANG_WARN_INT_CONVERSION = YES;
				CLANG_WARN_NON_LITERAL_NULL_CONVERSION = YES;
				CLANG_WARN_OBJC_IMPLICIT_RETAIN_SELF = YES;
				CLANG_WARN_OBJC_LITERAL_CONVERSION = YES;
				CLANG_WARN_OBJC_ROOT_CLASS = YES_ERROR;
				CLANG_WARN_QUOTED_INCLUDE_IN_FRAMEWORK_HEADER = YES;
				CLANG_WARN_RANGE_LOOP_ANALYSIS = YES;
				CLANG_WARN_STRICT_PROTOTYPES = YES;
				CLANG_WARN_SUSPICIOUS_MOVE = YES;
				CLANG_WARN_UNGUARDED_AVAILABILITY = YES_AGGRESSIVE;
				CLANG_WARN_UNREACHABLE_CODE = YES;
				CLANG_WARN__DUPLICATE_METHOD_MATCH = YES;
				COPY_PHASE_STRIP = NO;
				DEBUG_INFORMATION_FORMAT = "dwarf-with-dsym";
				ENABLE_NS_ASSERTIONS = NO;
				ENABLE_STRICT_OBJC_MSGSEND = YES;
				GCC_C_LANGUAGE_STANDARD = gnu11;
				GCC_NO_COMMON_BLOCKS = YES;
				GCC_WARN_64_TO_32_BIT_CONVERSION = YES;
				GCC_WARN_ABOUT_RETURN_TYPE = YES_ERROR;
				GCC_WARN_UNDECLARED_SELECTOR = YES;
				GCC_WARN_UNINITIALIZED_AUTOS = YES_AGGRESSIVE;
				GCC_WARN_UNUSED_FUNCTION = YES;
				GCC_WARN_UNUSED_VARIABLE = YES;
				IPHONEOS_DEPLOYMENT_TARGET = 16.2;
				MTL_ENABLE_DEBUG_INFO = NO;
				MTL_FAST_MATH = YES;
				SDKROOT = iphoneos;
				SWIFT_COMPILATION_MODE = wholemodule;
				SWIFT_OPTIMIZATION_LEVEL = "-O";
				VALIDATE_PRODUCT = YES;
			};
			name = Release;
		};
		4FC8C692297745C500836EEB /* Debug */ = {
			isa = XCBuildConfiguration;
			buildSettings = {
				ASSETCATALOG_COMPILER_APPICON_NAME = AppIcon;
				ASSETCATALOG_COMPILER_GLOBAL_ACCENT_COLOR_NAME = AccentColor;
				CODE_SIGN_STYLE = Automatic;
				CURRENT_PROJECT_VERSION = 1;
				DEVELOPMENT_ASSET_PATHS = "\"AbsenceRecorder/Preview Content\"";
				ENABLE_PREVIEWS = YES;
				GENERATE_INFOPLIST_FILE = YES;
				INFOPLIST_KEY_UIApplicationSceneManifest_Generation = YES;
				INFOPLIST_KEY_UIApplicationSupportsIndirectInputEvents = YES;
				INFOPLIST_KEY_UILaunchScreen_Generation = YES;
				INFOPLIST_KEY_UISupportedInterfaceOrientations_iPad = "UIInterfaceOrientationPortrait UIInterfaceOrientationPortraitUpsideDown UIInterfaceOrientationLandscapeLeft UIInterfaceOrientationLandscapeRight";
				INFOPLIST_KEY_UISupportedInterfaceOrientations_iPhone = "UIInterfaceOrientationPortrait UIInterfaceOrientationLandscapeLeft UIInterfaceOrientationLandscapeRight";
				LD_RUNPATH_SEARCH_PATHS = (
					"$(inherited)",
					"@executable_path/Frameworks",
				);
				MARKETING_VERSION = 1.0;
				PRODUCT_BUNDLE_IDENTIFIER = com.lysanderme.AbsenceRecorder;
				PRODUCT_NAME = "$(TARGET_NAME)";
				SWIFT_EMIT_LOC_STRINGS = YES;
				SWIFT_VERSION = 5.0;
				TARGETED_DEVICE_FAMILY = "1,2";
			};
			name = Debug;
		};
		4FC8C693297745C500836EEB /* Release */ = {
			isa = XCBuildConfiguration;
			buildSettings = {
				ASSETCATALOG_COMPILER_APPICON_NAME = AppIcon;
				ASSETCATALOG_COMPILER_GLOBAL_ACCENT_COLOR_NAME = AccentColor;
				CODE_SIGN_STYLE = Automatic;
				CURRENT_PROJECT_VERSION = 1;
				DEVELOPMENT_ASSET_PATHS = "\"AbsenceRecorder/Preview Content\"";
				ENABLE_PREVIEWS = YES;
				GENERATE_INFOPLIST_FILE = YES;
				INFOPLIST_KEY_UIApplicationSceneManifest_Generation = YES;
				INFOPLIST_KEY_UIApplicationSupportsIndirectInputEvents = YES;
				INFOPLIST_KEY_UILaunchScreen_Generation = YES;
				INFOPLIST_KEY_UISupportedInterfaceOrientations_iPad = "UIInterfaceOrientationPortrait UIInterfaceOrientationPortraitUpsideDown UIInterfaceOrientationLandscapeLeft UIInterfaceOrientationLandscapeRight";
				INFOPLIST_KEY_UISupportedInterfaceOrientations_iPhone = "UIInterfaceOrientationPortrait UIInterfaceOrientationLandscapeLeft UIInterfaceOrientationLandscapeRight";
				LD_RUNPATH_SEARCH_PATHS = (
					"$(inherited)",
					"@executable_path/Frameworks",
				);
				MARKETING_VERSION = 1.0;
				PRODUCT_BUNDLE_IDENTIFIER = com.lysanderme.AbsenceRecorder;
				PRODUCT_NAME = "$(TARGET_NAME)";
				SWIFT_EMIT_LOC_STRINGS = YES;
				SWIFT_VERSION = 5.0;
				TARGETED_DEVICE_FAMILY = "1,2";
			};
			name = Release;
		};
		4FC8C695297745C500836EEB /* Debug */ = {
			isa = XCBuildConfiguration;
			buildSettings = {
				ALWAYS_EMBED_SWIFT_STANDARD_LIBRARIES = YES;
				BUNDLE_LOADER = "$(TEST_HOST)";
				CODE_SIGN_STYLE = Automatic;
				CURRENT_PROJECT_VERSION = 1;
				GENERATE_INFOPLIST_FILE = YES;
				IPHONEOS_DEPLOYMENT_TARGET = 16.2;
				MARKETING_VERSION = 1.0;
				PRODUCT_BUNDLE_IDENTIFIER = com.lysanderme.AbsenceRecorderTests;
				PRODUCT_NAME = "$(TARGET_NAME)";
				SWIFT_EMIT_LOC_STRINGS = NO;
				SWIFT_VERSION = 5.0;
				TARGETED_DEVICE_FAMILY = "1,2";
				TEST_HOST = "$(BUILT_PRODUCTS_DIR)/AbsenceRecorder.app/$(BUNDLE_EXECUTABLE_FOLDER_PATH)/AbsenceRecorder";
			};
			name = Debug;
		};
		4FC8C696297745C500836EEB /* Release */ = {
			isa = XCBuildConfiguration;
			buildSettings = {
				ALWAYS_EMBED_SWIFT_STANDARD_LIBRARIES = YES;
				BUNDLE_LOADER = "$(TEST_HOST)";
				CODE_SIGN_STYLE = Automatic;
				CURRENT_PROJECT_VERSION = 1;
				GENERATE_INFOPLIST_FILE = YES;
				IPHONEOS_DEPLOYMENT_TARGET = 16.2;
				MARKETING_VERSION = 1.0;
				PRODUCT_BUNDLE_IDENTIFIER = com.lysanderme.AbsenceRecorderTests;
				PRODUCT_NAME = "$(TARGET_NAME)";
				SWIFT_EMIT_LOC_STRINGS = NO;
				SWIFT_VERSION = 5.0;
				TARGETED_DEVICE_FAMILY = "1,2";
				TEST_HOST = "$(BUILT_PRODUCTS_DIR)/AbsenceRecorder.app/$(BUNDLE_EXECUTABLE_FOLDER_PATH)/AbsenceRecorder";
			};
			name = Release;
		};
		4FC8C698297745C500836EEB /* Debug */ = {
			isa = XCBuildConfiguration;
			buildSettings = {
				ALWAYS_EMBED_SWIFT_STANDARD_LIBRARIES = YES;
				CODE_SIGN_STYLE = Automatic;
				CURRENT_PROJECT_VERSION = 1;
				GENERATE_INFOPLIST_FILE = YES;
				MARKETING_VERSION = 1.0;
				PRODUCT_BUNDLE_IDENTIFIER = com.lysanderme.AbsenceRecorderUITests;
				PRODUCT_NAME = "$(TARGET_NAME)";
				SWIFT_EMIT_LOC_STRINGS = NO;
				SWIFT_VERSION = 5.0;
				TARGETED_DEVICE_FAMILY = "1,2";
				TEST_TARGET_NAME = AbsenceRecorder;
			};
			name = Debug;
		};
		4FC8C699297745C500836EEB /* Release */ = {
			isa = XCBuildConfiguration;
			buildSettings = {
				ALWAYS_EMBED_SWIFT_STANDARD_LIBRARIES = YES;
				CODE_SIGN_STYLE = Automatic;
				CURRENT_PROJECT_VERSION = 1;
				GENERATE_INFOPLIST_FILE = YES;
				MARKETING_VERSION = 1.0;
				PRODUCT_BUNDLE_IDENTIFIER = com.lysanderme.AbsenceRecorderUITests;
				PRODUCT_NAME = "$(TARGET_NAME)";
				SWIFT_EMIT_LOC_STRINGS = NO;
				SWIFT_VERSION = 5.0;
				TARGETED_DEVICE_FAMILY = "1,2";
				TEST_TARGET_NAME = AbsenceRecorder;
			};
			name = Release;
		};
/* End XCBuildConfiguration section */

/* Begin XCConfigurationList section */
		4FC8C668297745C400836EEB /* Build configuration list for PBXProject "AbsenceRecorder" */ = {
			isa = XCConfigurationList;
			buildConfigurations = (
				4FC8C68F297745C500836EEB /* Debug */,
				4FC8C690297745C500836EEB /* Release */,
			);
			defaultConfigurationIsVisible = 0;
			defaultConfigurationName = Release;
		};
		4FC8C691297745C500836EEB /* Build configuration list for PBXNativeTarget "AbsenceRecorder" */ = {
			isa = XCConfigurationList;
			buildConfigurations = (
				4FC8C692297745C500836EEB /* Debug */,
				4FC8C693297745C500836EEB /* Release */,
			);
			defaultConfigurationIsVisible = 0;
			defaultConfigurationName = Release;
		};
		4FC8C694297745C500836EEB /* Build configuration list for PBXNativeTarget "AbsenceRecorderTests" */ = {
			isa = XCConfigurationList;
			buildConfigurations = (
				4FC8C695297745C500836EEB /* Debug */,
				4FC8C696297745C500836EEB /* Release */,
			);
			defaultConfigurationIsVisible = 0;
			defaultConfigurationName = Release;
		};
		4FC8C697297745C500836EEB /* Build configuration list for PBXNativeTarget "AbsenceRecorderUITests" */ = {
			isa = XCConfigurationList;
			buildConfigurations = (
				4FC8C698297745C500836EEB /* Debug */,
				4FC8C699297745C500836EEB /* Release */,
			);
			defaultConfigurationIsVisible = 0;
			defaultConfigurationName = Release;
		};
/* End XCConfigurationList section */
	};
	rootObject = 4FC8C665297745C400836EEB /* Project object */;
}
